// !$*UTF8*$!
{
	archiveVersion = 1;
	classes = {
	};
	objectVersion = 55;
	objects = {

/* Begin PBXBuildFile section */
		30567CB229011A56004CE21E /* AppDelegate.swift in Sources */ = {isa = PBXBuildFile; fileRef = 30567CB129011A56004CE21E /* AppDelegate.swift */; };
		30567CB429011A56004CE21E /* SceneDelegate.swift in Sources */ = {isa = PBXBuildFile; fileRef = 30567CB329011A56004CE21E /* SceneDelegate.swift */; };
		30567CB929011A56004CE21E /* Main.storyboard in Resources */ = {isa = PBXBuildFile; fileRef = 30567CB729011A56004CE21E /* Main.storyboard */; };
		30567CBB29011A59004CE21E /* Assets.xcassets in Resources */ = {isa = PBXBuildFile; fileRef = 30567CBA29011A59004CE21E /* Assets.xcassets */; };
		30567CBE29011A59004CE21E /* LaunchScreen.storyboard in Resources */ = {isa = PBXBuildFile; fileRef = 30567CBC29011A59004CE21E /* LaunchScreen.storyboard */; };
		30567CCA29011B61004CE21E /* ServiceManager.swift in Sources */ = {isa = PBXBuildFile; fileRef = 30567CC929011B61004CE21E /* ServiceManager.swift */; };
		30567CCC29011E72004CE21E /* MainVC.swift in Sources */ = {isa = PBXBuildFile; fileRef = 30567CCB29011E72004CE21E /* MainVC.swift */; };
		30567CCE290120C5004CE21E /* PeopleVC.swift in Sources */ = {isa = PBXBuildFile; fileRef = 30567CCD290120C5004CE21E /* PeopleVC.swift */; };
		30567CD229012DD5004CE21E /* RoomsVC.swift in Sources */ = {isa = PBXBuildFile; fileRef = 30567CD129012DD5004CE21E /* RoomsVC.swift */; };
		30567CD429013A24004CE21E /* PeopleModel.swift in Sources */ = {isa = PBXBuildFile; fileRef = 30567CD329013A24004CE21E /* PeopleModel.swift */; };
		30567CD629013A30004CE21E /* RoomsModel.swift in Sources */ = {isa = PBXBuildFile; fileRef = 30567CD529013A30004CE21E /* RoomsModel.swift */; };
		30567CD929013C1A004CE21E /* RoomCell.swift in Sources */ = {isa = PBXBuildFile; fileRef = 30567CD829013C1A004CE21E /* RoomCell.swift */; };
		30567CDB29013C31004CE21E /* PeopleCell.swift in Sources */ = {isa = PBXBuildFile; fileRef = 30567CDA29013C31004CE21E /* PeopleCell.swift */; };
		30567CDF29014A04004CE21E /* Theme.swift in Sources */ = {isa = PBXBuildFile; fileRef = 30567CDD29014A04004CE21E /* Theme.swift */; };
		30567CE029014A04004CE21E /* Theme.xcassets in Resources */ = {isa = PBXBuildFile; fileRef = 30567CDE29014A04004CE21E /* Theme.xcassets */; };
		30567CE329014BC4004CE21E /* AppTextField.swift in Sources */ = {isa = PBXBuildFile; fileRef = 30567CE129014BC4004CE21E /* AppTextField.swift */; };
		30567CE429014BC4004CE21E /* UIViewExtension.swift in Sources */ = {isa = PBXBuildFile; fileRef = 30567CE229014BC4004CE21E /* UIViewExtension.swift */; };
		30567CE629014BE6004CE21E /* LoginVC.swift in Sources */ = {isa = PBXBuildFile; fileRef = 30567CE529014BE6004CE21E /* LoginVC.swift */; };
		30567CE82901630C004CE21E /* EmployeeViewModel.swift in Sources */ = {isa = PBXBuildFile; fileRef = 30567CE72901630C004CE21E /* EmployeeViewModel.swift */; };
		30567CEA290187DF004CE21E /* RoomsViewModel.swift in Sources */ = {isa = PBXBuildFile; fileRef = 30567CE9290187DF004CE21E /* RoomsViewModel.swift */; };
		30567CED2901996E004CE21E /* Constants.swift in Sources */ = {isa = PBXBuildFile; fileRef = 30567CEC2901996E004CE21E /* Constants.swift */; };
		30567CEF29019B14004CE21E /* EmployeeDetailsVC.swift in Sources */ = {isa = PBXBuildFile; fileRef = 30567CEE29019B14004CE21E /* EmployeeDetailsVC.swift */; };
/* End PBXBuildFile section */

/* Begin PBXFileReference section */
		30567CAE29011A56004CE21E /* Virtusa Directory.app */ = {isa = PBXFileReference; explicitFileType = wrapper.application; includeInIndex = 0; path = "Virtusa Directory.app"; sourceTree = BUILT_PRODUCTS_DIR; };
		30567CB129011A56004CE21E /* AppDelegate.swift */ = {isa = PBXFileReference; lastKnownFileType = sourcecode.swift; path = AppDelegate.swift; sourceTree = "<group>"; };
		30567CB329011A56004CE21E /* SceneDelegate.swift */ = {isa = PBXFileReference; lastKnownFileType = sourcecode.swift; path = SceneDelegate.swift; sourceTree = "<group>"; };
		30567CB829011A56004CE21E /* Base */ = {isa = PBXFileReference; lastKnownFileType = file.storyboard; name = Base; path = Base.lproj/Main.storyboard; sourceTree = "<group>"; };
		30567CBA29011A59004CE21E /* Assets.xcassets */ = {isa = PBXFileReference; lastKnownFileType = folder.assetcatalog; path = Assets.xcassets; sourceTree = "<group>"; };
		30567CBD29011A59004CE21E /* Base */ = {isa = PBXFileReference; lastKnownFileType = file.storyboard; name = Base; path = Base.lproj/LaunchScreen.storyboard; sourceTree = "<group>"; };
		30567CBF29011A59004CE21E /* Info.plist */ = {isa = PBXFileReference; lastKnownFileType = text.plist.xml; path = Info.plist; sourceTree = "<group>"; };
		30567CC929011B61004CE21E /* ServiceManager.swift */ = {isa = PBXFileReference; fileEncoding = 4; lastKnownFileType = sourcecode.swift; path = ServiceManager.swift; sourceTree = "<group>"; };
		30567CCB29011E72004CE21E /* MainVC.swift */ = {isa = PBXFileReference; lastKnownFileType = sourcecode.swift; path = MainVC.swift; sourceTree = "<group>"; };
		30567CCD290120C5004CE21E /* PeopleVC.swift */ = {isa = PBXFileReference; lastKnownFileType = sourcecode.swift; path = PeopleVC.swift; sourceTree = "<group>"; };
		30567CD129012DD5004CE21E /* RoomsVC.swift */ = {isa = PBXFileReference; lastKnownFileType = sourcecode.swift; path = RoomsVC.swift; sourceTree = "<group>"; };
		30567CD329013A24004CE21E /* PeopleModel.swift */ = {isa = PBXFileReference; lastKnownFileType = sourcecode.swift; path = PeopleModel.swift; sourceTree = "<group>"; };
		30567CD529013A30004CE21E /* RoomsModel.swift */ = {isa = PBXFileReference; lastKnownFileType = sourcecode.swift; path = RoomsModel.swift; sourceTree = "<group>"; };
		30567CD829013C1A004CE21E /* RoomCell.swift */ = {isa = PBXFileReference; lastKnownFileType = sourcecode.swift; path = RoomCell.swift; sourceTree = "<group>"; };
		30567CDA29013C31004CE21E /* PeopleCell.swift */ = {isa = PBXFileReference; lastKnownFileType = sourcecode.swift; path = PeopleCell.swift; sourceTree = "<group>"; };
		30567CDD29014A04004CE21E /* Theme.swift */ = {isa = PBXFileReference; fileEncoding = 4; lastKnownFileType = sourcecode.swift; path = Theme.swift; sourceTree = "<group>"; };
		30567CDE29014A04004CE21E /* Theme.xcassets */ = {isa = PBXFileReference; lastKnownFileType = folder.assetcatalog; path = Theme.xcassets; sourceTree = "<group>"; };
		30567CE129014BC4004CE21E /* AppTextField.swift */ = {isa = PBXFileReference; fileEncoding = 4; lastKnownFileType = sourcecode.swift; path = AppTextField.swift; sourceTree = "<group>"; };
		30567CE229014BC4004CE21E /* UIViewExtension.swift */ = {isa = PBXFileReference; fileEncoding = 4; lastKnownFileType = sourcecode.swift; path = UIViewExtension.swift; sourceTree = "<group>"; };
		30567CE529014BE6004CE21E /* LoginVC.swift */ = {isa = PBXFileReference; fileEncoding = 4; lastKnownFileType = sourcecode.swift; path = LoginVC.swift; sourceTree = "<group>"; };
		30567CE72901630C004CE21E /* EmployeeViewModel.swift */ = {isa = PBXFileReference; lastKnownFileType = sourcecode.swift; path = EmployeeViewModel.swift; sourceTree = "<group>"; };
		30567CE9290187DF004CE21E /* RoomsViewModel.swift */ = {isa = PBXFileReference; lastKnownFileType = sourcecode.swift; path = RoomsViewModel.swift; sourceTree = "<group>"; };
		30567CEC2901996E004CE21E /* Constants.swift */ = {isa = PBXFileReference; lastKnownFileType = sourcecode.swift; path = Constants.swift; sourceTree = "<group>"; };
		30567CEE29019B14004CE21E /* EmployeeDetailsVC.swift */ = {isa = PBXFileReference; lastKnownFileType = sourcecode.swift; path = EmployeeDetailsVC.swift; sourceTree = "<group>"; };
/* End PBXFileReference section */

/* Begin PBXFrameworksBuildPhase section */
		30567CAB29011A56004CE21E /* Frameworks */ = {
			isa = PBXFrameworksBuildPhase;
			buildActionMask = 2147483647;
			files = (
			);
			runOnlyForDeploymentPostprocessing = 0;
		};
/* End PBXFrameworksBuildPhase section */

/* Begin PBXGroup section */
		30567CA529011A56004CE21E = {
			isa = PBXGroup;
			children = (
				30567CB029011A56004CE21E /* Virtusa Directory */,
				30567CAF29011A56004CE21E /* Products */,
			);
			sourceTree = "<group>";
		};
		30567CAF29011A56004CE21E /* Products */ = {
			isa = PBXGroup;
			children = (
				30567CAE29011A56004CE21E /* Virtusa Directory.app */,
			);
			name = Products;
			sourceTree = "<group>";
		};
		30567CB029011A56004CE21E /* Virtusa Directory */ = {
			isa = PBXGroup;
			children = (
				30567CEB29019961004CE21E /* Helper */,
				30567CDC290149D2004CE21E /* Theme */,
				30567CD729013BF7004CE21E /* View */,
				30567CC829011B39004CE21E /* Controller */,
				30567CC729011B2A004CE21E /* Network */,
				30567CC629011B1F004CE21E /* Model */,
				30567CC529011B17004CE21E /* ViewModel */,
				30567CB129011A56004CE21E /* AppDelegate.swift */,
				30567CB329011A56004CE21E /* SceneDelegate.swift */,
				30567CB729011A56004CE21E /* Main.storyboard */,
				30567CBA29011A59004CE21E /* Assets.xcassets */,
				30567CBC29011A59004CE21E /* LaunchScreen.storyboard */,
				30567CBF29011A59004CE21E /* Info.plist */,
			);
			path = "Virtusa Directory";
			sourceTree = "<group>";
		};
		30567CC529011B17004CE21E /* ViewModel */ = {
			isa = PBXGroup;
			children = (
				30567CE72901630C004CE21E /* EmployeeViewModel.swift */,
				30567CE9290187DF004CE21E /* RoomsViewModel.swift */,
			);
			path = ViewModel;
			sourceTree = "<group>";
		};
		30567CC629011B1F004CE21E /* Model */ = {
			isa = PBXGroup;
			children = (
				30567CD329013A24004CE21E /* PeopleModel.swift */,
				30567CD529013A30004CE21E /* RoomsModel.swift */,
			);
			path = Model;
			sourceTree = "<group>";
		};
		30567CC729011B2A004CE21E /* Network */ = {
			isa = PBXGroup;
			children = (
				30567CC929011B61004CE21E /* ServiceManager.swift */,
			);
			path = Network;
			sourceTree = "<group>";
		};
		30567CC829011B39004CE21E /* Controller */ = {
			isa = PBXGroup;
			children = (
				30567CE529014BE6004CE21E /* LoginVC.swift */,
				30567CCB29011E72004CE21E /* MainVC.swift */,
				30567CCD290120C5004CE21E /* PeopleVC.swift */,
				30567CD129012DD5004CE21E /* RoomsVC.swift */,
				30567CEE29019B14004CE21E /* EmployeeDetailsVC.swift */,
			);
			path = Controller;
			sourceTree = "<group>";
		};
		30567CD729013BF7004CE21E /* View */ = {
			isa = PBXGroup;
			children = (
				30567CE129014BC4004CE21E /* AppTextField.swift */,
				30567CE229014BC4004CE21E /* UIViewExtension.swift */,
				30567CD829013C1A004CE21E /* RoomCell.swift */,
				30567CDA29013C31004CE21E /* PeopleCell.swift */,
			);
			path = View;
			sourceTree = "<group>";
		};
		30567CDC290149D2004CE21E /* Theme */ = {
			isa = PBXGroup;
			children = (
				30567CDD29014A04004CE21E /* Theme.swift */,
				30567CDE29014A04004CE21E /* Theme.xcassets */,
			);
			path = Theme;
			sourceTree = "<group>";
		};
		30567CEB29019961004CE21E /* Helper */ = {
			isa = PBXGroup;
			children = (
				30567CEC2901996E004CE21E /* Constants.swift */,
			);
			path = Helper;
			sourceTree = "<group>";
		};
/* End PBXGroup section */

/* Begin PBXNativeTarget section */
		30567CAD29011A56004CE21E /* Virtusa Directory */ = {
			isa = PBXNativeTarget;
			buildConfigurationList = 30567CC229011A59004CE21E /* Build configuration list for PBXNativeTarget "Virtusa Directory" */;
			buildPhases = (
				30567CAA29011A56004CE21E /* Sources */,
				30567CAB29011A56004CE21E /* Frameworks */,
				30567CAC29011A56004CE21E /* Resources */,
			);
			buildRules = (
			);
			dependencies = (
			);
			name = "Virtusa Directory";
			productName = "Virtusa Directory";
			productReference = 30567CAE29011A56004CE21E /* Virtusa Directory.app */;
			productType = "com.apple.product-type.application";
		};
/* End PBXNativeTarget section */

/* Begin PBXProject section */
		30567CA629011A56004CE21E /* Project object */ = {
			isa = PBXProject;
			attributes = {
				BuildIndependentTargetsInParallel = 1;
				LastSwiftUpdateCheck = 1310;
				LastUpgradeCheck = 1310;
				TargetAttributes = {
					30567CAD29011A56004CE21E = {
						CreatedOnToolsVersion = 13.1;
					};
				};
			};
			buildConfigurationList = 30567CA929011A56004CE21E /* Build configuration list for PBXProject "Virtusa Directory" */;
			compatibilityVersion = "Xcode 13.0";
			developmentRegion = en;
			hasScannedForEncodings = 0;
			knownRegions = (
				en,
				Base,
			);
			mainGroup = 30567CA529011A56004CE21E;
			productRefGroup = 30567CAF29011A56004CE21E /* Products */;
			projectDirPath = "";
			projectRoot = "";
			targets = (
				30567CAD29011A56004CE21E /* Virtusa Directory */,
			);
		};
/* End PBXProject section */

/* Begin PBXResourcesBuildPhase section */
		30567CAC29011A56004CE21E /* Resources */ = {
			isa = PBXResourcesBuildPhase;
			buildActionMask = 2147483647;
			files = (
				30567CBE29011A59004CE21E /* LaunchScreen.storyboard in Resources */,
				30567CE029014A04004CE21E /* Theme.xcassets in Resources */,
				30567CBB29011A59004CE21E /* Assets.xcassets in Resources */,
				30567CB929011A56004CE21E /* Main.storyboard in Resources */,
			);
			runOnlyForDeploymentPostprocessing = 0;
		};
/* End PBXResourcesBuildPhase section */

/* Begin PBXSourcesBuildPhase section */
		30567CAA29011A56004CE21E /* Sources */ = {
			isa = PBXSourcesBuildPhase;
			buildActionMask = 2147483647;
			files = (
				30567CB229011A56004CE21E /* AppDelegate.swift in Sources */,
				30567CED2901996E004CE21E /* Constants.swift in Sources */,
				30567CD229012DD5004CE21E /* RoomsVC.swift in Sources */,
				30567CE629014BE6004CE21E /* LoginVC.swift in Sources */,
				30567CDB29013C31004CE21E /* PeopleCell.swift in Sources */,
				30567CB429011A56004CE21E /* SceneDelegate.swift in Sources */,
				30567CDF29014A04004CE21E /* Theme.swift in Sources */,
				30567CD429013A24004CE21E /* PeopleModel.swift in Sources */,
				30567CD629013A30004CE21E /* RoomsModel.swift in Sources */,
				30567CEF29019B14004CE21E /* EmployeeDetailsVC.swift in Sources */,
				30567CCC29011E72004CE21E /* MainVC.swift in Sources */,
				30567CCE290120C5004CE21E /* PeopleVC.swift in Sources */,
				30567CE429014BC4004CE21E /* UIViewExtension.swift in Sources */,
				30567CEA290187DF004CE21E /* RoomsViewModel.swift in Sources */,
				30567CD929013C1A004CE21E /* RoomCell.swift in Sources */,
				30567CCA29011B61004CE21E /* ServiceManager.swift in Sources */,
				30567CE82901630C004CE21E /* EmployeeViewModel.swift in Sources */,
				30567CE329014BC4004CE21E /* AppTextField.swift in Sources */,
			);
			runOnlyForDeploymentPostprocessing = 0;
		};
/* End PBXSourcesBuildPhase section */

/* Begin PBXVariantGroup section */
		30567CB729011A56004CE21E /* Main.storyboard */ = {
			isa = PBXVariantGroup;
			children = (
				30567CB829011A56004CE21E /* Base */,
			);
			name = Main.storyboard;
			sourceTree = "<group>";
		};
		30567CBC29011A59004CE21E /* LaunchScreen.storyboard */ = {
			isa = PBXVariantGroup;
			children = (
				30567CBD29011A59004CE21E /* Base */,
			);
			name = LaunchScreen.storyboard;
			sourceTree = "<group>";
		};
/* End PBXVariantGroup section */

/* Begin XCBuildConfiguration section */
		30567CC029011A59004CE21E /* Debug */ = {
			isa = XCBuildConfiguration;
			buildSettings = {
				ALWAYS_SEARCH_USER_PATHS = NO;
				CLANG_ANALYZER_NONNULL = YES;
				CLANG_ANALYZER_NUMBER_OBJECT_CONVERSION = YES_AGGRESSIVE;
				CLANG_CXX_LANGUAGE_STANDARD = "gnu++17";
				CLANG_CXX_LIBRARY = "libc++";
				CLANG_ENABLE_MODULES = YES;
				CLANG_ENABLE_OBJC_ARC = YES;
				CLANG_ENABLE_OBJC_WEAK = YES;
				CLANG_WARN_BLOCK_CAPTURE_AUTORELEASING = YES;
				CLANG_WARN_BOOL_CONVERSION = YES;
				CLANG_WARN_COMMA = YES;
				CLANG_WARN_CONSTANT_CONVERSION = YES;
				CLANG_WARN_DEPRECATED_OBJC_IMPLEMENTATIONS = YES;
				CLANG_WARN_DIRECT_OBJC_ISA_USAGE = YES_ERROR;
				CLANG_WARN_DOCUMENTATION_COMMENTS = YES;
				CLANG_WARN_EMPTY_BODY = YES;
				CLANG_WARN_ENUM_CONVERSION = YES;
				CLANG_WARN_INFINITE_RECURSION = YES;
				CLANG_WARN_INT_CONVERSION = YES;
				CLANG_WARN_NON_LITERAL_NULL_CONVERSION = YES;
				CLANG_WARN_OBJC_IMPLICIT_RETAIN_SELF = YES;
				CLANG_WARN_OBJC_LITERAL_CONVERSION = YES;
				CLANG_WARN_OBJC_ROOT_CLASS = YES_ERROR;
				CLANG_WARN_QUOTED_INCLUDE_IN_FRAMEWORK_HEADER = YES;
				CLANG_WARN_RANGE_LOOP_ANALYSIS = YES;
				CLANG_WARN_STRICT_PROTOTYPES = YES;
				CLANG_WARN_SUSPICIOUS_MOVE = YES;
				CLANG_WARN_UNGUARDED_AVAILABILITY = YES_AGGRESSIVE;
				CLANG_WARN_UNREACHABLE_CODE = YES;
				CLANG_WARN__DUPLICATE_METHOD_MATCH = YES;
				COPY_PHASE_STRIP = NO;
				DEBUG_INFORMATION_FORMAT = dwarf;
				ENABLE_STRICT_OBJC_MSGSEND = YES;
				ENABLE_TESTABILITY = YES;
				GCC_C_LANGUAGE_STANDARD = gnu11;
				GCC_DYNAMIC_NO_PIC = NO;
				GCC_NO_COMMON_BLOCKS = YES;
				GCC_OPTIMIZATION_LEVEL = 0;
				GCC_PREPROCESSOR_DEFINITIONS = (
					"DEBUG=1",
					"$(inherited)",
				);
				GCC_WARN_64_TO_32_BIT_CONVERSION = YES;
				GCC_WARN_ABOUT_RETURN_TYPE = YES_ERROR;
				GCC_WARN_UNDECLARED_SELECTOR = YES;
				GCC_WARN_UNINITIALIZED_AUTOS = YES_AGGRESSIVE;
				GCC_WARN_UNUSED_FUNCTION = YES;
				GCC_WARN_UNUSED_VARIABLE = YES;
				IPHONEOS_DEPLOYMENT_TARGET = 15.0;
				MTL_ENABLE_DEBUG_INFO = INCLUDE_SOURCE;
				MTL_FAST_MATH = YES;
				ONLY_ACTIVE_ARCH = YES;
				SDKROOT = iphoneos;
				SWIFT_ACTIVE_COMPILATION_CONDITIONS = DEBUG;
				SWIFT_OPTIMIZATION_LEVEL = "-Onone";
			};
			name = Debug;
		};
		30567CC129011A59004CE21E /* Release */ = {
			isa = XCBuildConfiguration;
			buildSettings = {
				ALWAYS_SEARCH_USER_PATHS = NO;
				CLANG_ANALYZER_NONNULL = YES;
				CLANG_ANALYZER_NUMBER_OBJECT_CONVERSION = YES_AGGRESSIVE;
				CLANG_CXX_LANGUAGE_STANDARD = "gnu++17";
				CLANG_CXX_LIBRARY = "libc++";
				CLANG_ENABLE_MODULES = YES;
				CLANG_ENABLE_OBJC_ARC = YES;
				CLANG_ENABLE_OBJC_WEAK = YES;
				CLANG_WARN_BLOCK_CAPTURE_AUTORELEASING = YES;
				CLANG_WARN_BOOL_CONVERSION = YES;
				CLANG_WARN_COMMA = YES;
				CLANG_WARN_CONSTANT_CONVERSION = YES;
				CLANG_WARN_DEPRECATED_OBJC_IMPLEMENTATIONS = YES;
				CLANG_WARN_DIRECT_OBJC_ISA_USAGE = YES_ERROR;
				CLANG_WARN_DOCUMENTATION_COMMENTS = YES;
				CLANG_WARN_EMPTY_BODY = YES;
				CLANG_WARN_ENUM_CONVERSION = YES;
				CLANG_WARN_INFINITE_RECURSION = YES;
				CLANG_WARN_INT_CONVERSION = YES;
				CLANG_WARN_NON_LITERAL_NULL_CONVERSION = YES;
				CLANG_WARN_OBJC_IMPLICIT_RETAIN_SELF = YES;
				CLANG_WARN_OBJC_LITERAL_CONVERSION = YES;
				CLANG_WARN_OBJC_ROOT_CLASS = YES_ERROR;
				CLANG_WARN_QUOTED_INCLUDE_IN_FRAMEWORK_HEADER = YES;
				CLANG_WARN_RANGE_LOOP_ANALYSIS = YES;
				CLANG_WARN_STRICT_PROTOTYPES = YES;
				CLANG_WARN_SUSPICIOUS_MOVE = YES;
				CLANG_WARN_UNGUARDED_AVAILABILITY = YES_AGGRESSIVE;
				CLANG_WARN_UNREACHABLE_CODE = YES;
				CLANG_WARN__DUPLICATE_METHOD_MATCH = YES;
				COPY_PHASE_STRIP = NO;
				DEBUG_INFORMATION_FORMAT = "dwarf-with-dsym";
				ENABLE_NS_ASSERTIONS = NO;
				ENABLE_STRICT_OBJC_MSGSEND = YES;
				GCC_C_LANGUAGE_STANDARD = gnu11;
				GCC_NO_COMMON_BLOCKS = YES;
				GCC_WARN_64_TO_32_BIT_CONVERSION = YES;
				GCC_WARN_ABOUT_RETURN_TYPE = YES_ERROR;
				GCC_WARN_UNDECLARED_SELECTOR = YES;
				GCC_WARN_UNINITIALIZED_AUTOS = YES_AGGRESSIVE;
				GCC_WARN_UNUSED_FUNCTION = YES;
				GCC_WARN_UNUSED_VARIABLE = YES;
				IPHONEOS_DEPLOYMENT_TARGET = 15.0;
				MTL_ENABLE_DEBUG_INFO = NO;
				MTL_FAST_MATH = YES;
				SDKROOT = iphoneos;
				SWIFT_COMPILATION_MODE = wholemodule;
				SWIFT_OPTIMIZATION_LEVEL = "-O";
				VALIDATE_PRODUCT = YES;
			};
			name = Release;
		};
		30567CC329011A59004CE21E /* Debug */ = {
			isa = XCBuildConfiguration;
			buildSettings = {
				ASSETCATALOG_COMPILER_APPICON_NAME = AppIcon;
				ASSETCATALOG_COMPILER_GLOBAL_ACCENT_COLOR_NAME = AccentColor;
				CODE_SIGN_STYLE = Automatic;
				CURRENT_PROJECT_VERSION = 1;
				DEVELOPMENT_TEAM = 6X87BK799W;
				GENERATE_INFOPLIST_FILE = YES;
				INFOPLIST_FILE = "Virtusa Directory/Info.plist";
				INFOPLIST_KEY_UIApplicationSupportsIndirectInputEvents = YES;
				INFOPLIST_KEY_UILaunchStoryboardName = LaunchScreen;
				INFOPLIST_KEY_UIMainStoryboardFile = Main;
				INFOPLIST_KEY_UISupportedInterfaceOrientations_iPad = "UIInterfaceOrientationPortrait UIInterfaceOrientationPortraitUpsideDown UIInterfaceOrientationLandscapeLeft UIInterfaceOrientationLandscapeRight";
				INFOPLIST_KEY_UISupportedInterfaceOrientations_iPhone = "UIInterfaceOrientationPortrait UIInterfaceOrientationLandscapeLeft UIInterfaceOrientationLandscapeRight";
				LD_RUNPATH_SEARCH_PATHS = (
					"$(inherited)",
					"@executable_path/Frameworks",
				);
				MARKETING_VERSION = 1.0;
				PRODUCT_BUNDLE_IDENTIFIER = "com.preeteesh.Virtusa-Directory";
				PRODUCT_NAME = "$(TARGET_NAME)";
				SWIFT_EMIT_LOC_STRINGS = YES;
				SWIFT_VERSION = 5.0;
				TARGETED_DEVICE_FAMILY = "1,2";
			};
			name = Debug;
		};
		30567CC429011A59004CE21E /* Release */ = {
			isa = XCBuildConfiguration;
			buildSettings = {
				ASSETCATALOG_COMPILER_APPICON_NAME = AppIcon;
				ASSETCATALOG_COMPILER_GLOBAL_ACCENT_COLOR_NAME = AccentColor;
				CODE_SIGN_STYLE = Automatic;
				CURRENT_PROJECT_VERSION = 1;
				DEVELOPMENT_TEAM = 6X87BK799W;
				GENERATE_INFOPLIST_FILE = YES;
				INFOPLIST_FILE = "Virtusa Directory/Info.plist";
				INFOPLIST_KEY_UIApplicationSupportsIndirectInputEvents = YES;
				INFOPLIST_KEY_UILaunchStoryboardName = LaunchScreen;
				INFOPLIST_KEY_UIMainStoryboardFile = Main;
				INFOPLIST_KEY_UISupportedInterfaceOrientations_iPad = "UIInterfaceOrientationPortrait UIInterfaceOrientationPortraitUpsideDown UIInterfaceOrientationLandscapeLeft UIInterfaceOrientationLandscapeRight";
				INFOPLIST_KEY_UISupportedInterfaceOrientations_iPhone = "UIInterfaceOrientationPortrait UIInterfaceOrientationLandscapeLeft UIInterfaceOrientationLandscapeRight";
				LD_RUNPATH_SEARCH_PATHS = (
					"$(inherited)",
					"@executable_path/Frameworks",
				);
				MARKETING_VERSION = 1.0;
				PRODUCT_BUNDLE_IDENTIFIER = "com.preeteesh.Virtusa-Directory";
				PRODUCT_NAME = "$(TARGET_NAME)";
				SWIFT_EMIT_LOC_STRINGS = YES;
				SWIFT_VERSION = 5.0;
				TARGETED_DEVICE_FAMILY = "1,2";
			};
			name = Release;
		};
/* End XCBuildConfiguration section */

/* Begin XCConfigurationList section */
		30567CA929011A56004CE21E /* Build configuration list for PBXProject "Virtusa Directory" */ = {
			isa = XCConfigurationList;
			buildConfigurations = (
				30567CC029011A59004CE21E /* Debug */,
				30567CC129011A59004CE21E /* Release */,
			);
			defaultConfigurationIsVisible = 0;
			defaultConfigurationName = Release;
		};
		30567CC229011A59004CE21E /* Build configuration list for PBXNativeTarget "Virtusa Directory" */ = {
			isa = XCConfigurationList;
			buildConfigurations = (
				30567CC329011A59004CE21E /* Debug */,
				30567CC429011A59004CE21E /* Release */,
			);
			defaultConfigurationIsVisible = 0;
			defaultConfigurationName = Release;
		};
/* End XCConfigurationList section */
	};
	rootObject = 30567CA629011A56004CE21E /* Project object */;
}
